// !$*UTF8*$!
{
	archiveVersion = 1;
	classes = {
	};
	objectVersion = 50;
	objects = {

/* Begin PBXBuildFile section */
		B04E441E20D0C93F00863ACB /* AppDelegate.swift in Sources */ = {isa = PBXBuildFile; fileRef = B04E441D20D0C93F00863ACB /* AppDelegate.swift */; };
		B04E442020D0C93F00863ACB /* SearchViewController.swift in Sources */ = {isa = PBXBuildFile; fileRef = B04E441F20D0C93F00863ACB /* SearchViewController.swift */; };
		B04E442320D0C93F00863ACB /* Main.storyboard in Resources */ = {isa = PBXBuildFile; fileRef = B04E442120D0C93F00863ACB /* Main.storyboard */; };
		B04E442520D0C94000863ACB /* Assets.xcassets in Resources */ = {isa = PBXBuildFile; fileRef = B04E442420D0C94000863ACB /* Assets.xcassets */; };
		B04E442820D0C94000863ACB /* LaunchScreen.storyboard in Resources */ = {isa = PBXBuildFile; fileRef = B04E442620D0C94000863ACB /* LaunchScreen.storyboard */; };
		B04E443320D0C94100863ACB /* FlickrAppTests.swift in Sources */ = {isa = PBXBuildFile; fileRef = B04E443220D0C94100863ACB /* FlickrAppTests.swift */; };
		B04E443E20D0D3CA00863ACB /* SearchResultViewController.swift in Sources */ = {isa = PBXBuildFile; fileRef = B04E443D20D0D3CA00863ACB /* SearchResultViewController.swift */; };
		B04E444720D0D8D500863ACB /* FlickrApp.xcdatamodeld in Sources */ = {isa = PBXBuildFile; fileRef = B04E444520D0D8D500863ACB /* FlickrApp.xcdatamodeld */; };
		B04E444920D0DE4900863ACB /* DownloadManager.swift in Sources */ = {isa = PBXBuildFile; fileRef = B04E444820D0DE4900863ACB /* DownloadManager.swift */; };
		B04E444B20D0DE9700863ACB /* SearchClient.swift in Sources */ = {isa = PBXBuildFile; fileRef = B04E444A20D0DE9700863ACB /* SearchClient.swift */; };
		B04E444E20D0DF0600863ACB /* TransientImageFile.swift in Sources */ = {isa = PBXBuildFile; fileRef = B04E444D20D0DF0600863ACB /* TransientImageFile.swift */; };
		B04E445220D0E8C700863ACB /* ImageListsDataSourceProtocol.swift in Sources */ = {isa = PBXBuildFile; fileRef = B04E445120D0E8C700863ACB /* ImageListsDataSourceProtocol.swift */; };
		B04E445420D0E99D00863ACB /* ImagesListObjectContainer.swift in Sources */ = {isa = PBXBuildFile; fileRef = B04E445320D0E99D00863ACB /* ImagesListObjectContainer.swift */; };
		B04E445620D0ECED00863ACB /* NoItemsView.swift in Sources */ = {isa = PBXBuildFile; fileRef = B04E445520D0ECED00863ACB /* NoItemsView.swift */; };
		B04E445820D0ED2500863ACB /* ImagesListCell.swift in Sources */ = {isa = PBXBuildFile; fileRef = B04E445720D0ED2500863ACB /* ImagesListCell.swift */; };
		B04E445A20D0F83000863ACB /* Dispatcher.swift in Sources */ = {isa = PBXBuildFile; fileRef = B04E445920D0F83000863ACB /* Dispatcher.swift */; };
/* End PBXBuildFile section */

/* Begin PBXContainerItemProxy section */
		B04E442F20D0C94100863ACB /* PBXContainerItemProxy */ = {
			isa = PBXContainerItemProxy;
			containerPortal = B04E441220D0C93F00863ACB /* Project object */;
			proxyType = 1;
			remoteGlobalIDString = B04E441920D0C93F00863ACB;
			remoteInfo = FlickrApp;
		};
/* End PBXContainerItemProxy section */

/* Begin PBXFileReference section */
		B04E441A20D0C93F00863ACB /* FlickrApp.app */ = {isa = PBXFileReference; explicitFileType = wrapper.application; includeInIndex = 0; path = FlickrApp.app; sourceTree = BUILT_PRODUCTS_DIR; };
		B04E441D20D0C93F00863ACB /* AppDelegate.swift */ = {isa = PBXFileReference; lastKnownFileType = sourcecode.swift; path = AppDelegate.swift; sourceTree = "<group>"; };
		B04E441F20D0C93F00863ACB /* SearchViewController.swift */ = {isa = PBXFileReference; lastKnownFileType = sourcecode.swift; path = SearchViewController.swift; sourceTree = "<group>"; };
		B04E442220D0C93F00863ACB /* Base */ = {isa = PBXFileReference; lastKnownFileType = file.storyboard; name = Base; path = Base.lproj/Main.storyboard; sourceTree = "<group>"; };
		B04E442420D0C94000863ACB /* Assets.xcassets */ = {isa = PBXFileReference; lastKnownFileType = folder.assetcatalog; path = Assets.xcassets; sourceTree = "<group>"; };
		B04E442720D0C94000863ACB /* Base */ = {isa = PBXFileReference; lastKnownFileType = file.storyboard; name = Base; path = Base.lproj/LaunchScreen.storyboard; sourceTree = "<group>"; };
		B04E442920D0C94000863ACB /* Info.plist */ = {isa = PBXFileReference; lastKnownFileType = text.plist.xml; path = Info.plist; sourceTree = "<group>"; };
		B04E442E20D0C94100863ACB /* FlickrAppTests.xctest */ = {isa = PBXFileReference; explicitFileType = wrapper.cfbundle; includeInIndex = 0; path = FlickrAppTests.xctest; sourceTree = BUILT_PRODUCTS_DIR; };
		B04E443220D0C94100863ACB /* FlickrAppTests.swift */ = {isa = PBXFileReference; lastKnownFileType = sourcecode.swift; path = FlickrAppTests.swift; sourceTree = "<group>"; };
		B04E443420D0C94100863ACB /* Info.plist */ = {isa = PBXFileReference; lastKnownFileType = text.plist.xml; path = Info.plist; sourceTree = "<group>"; };
		B04E443D20D0D3CA00863ACB /* SearchResultViewController.swift */ = {isa = PBXFileReference; lastKnownFileType = sourcecode.swift; path = SearchResultViewController.swift; sourceTree = "<group>"; };
		B04E444620D0D8D500863ACB /* FlickrApp.xcdatamodel */ = {isa = PBXFileReference; lastKnownFileType = wrapper.xcdatamodel; path = FlickrApp.xcdatamodel; sourceTree = "<group>"; };
		B04E444820D0DE4900863ACB /* DownloadManager.swift */ = {isa = PBXFileReference; lastKnownFileType = sourcecode.swift; path = DownloadManager.swift; sourceTree = "<group>"; };
		B04E444A20D0DE9700863ACB /* SearchClient.swift */ = {isa = PBXFileReference; lastKnownFileType = sourcecode.swift; path = SearchClient.swift; sourceTree = "<group>"; };
		B04E444D20D0DF0600863ACB /* TransientImageFile.swift */ = {isa = PBXFileReference; lastKnownFileType = sourcecode.swift; path = TransientImageFile.swift; sourceTree = "<group>"; };
		B04E445120D0E8C700863ACB /* ImageListsDataSourceProtocol.swift */ = {isa = PBXFileReference; lastKnownFileType = sourcecode.swift; path = ImageListsDataSourceProtocol.swift; sourceTree = "<group>"; };
		B04E445320D0E99D00863ACB /* ImagesListObjectContainer.swift */ = {isa = PBXFileReference; lastKnownFileType = sourcecode.swift; path = ImagesListObjectContainer.swift; sourceTree = "<group>"; };
		B04E445520D0ECED00863ACB /* NoItemsView.swift */ = {isa = PBXFileReference; lastKnownFileType = sourcecode.swift; path = NoItemsView.swift; sourceTree = "<group>"; };
		B04E445720D0ED2500863ACB /* ImagesListCell.swift */ = {isa = PBXFileReference; lastKnownFileType = sourcecode.swift; path = ImagesListCell.swift; sourceTree = "<group>"; };
		B04E445920D0F83000863ACB /* Dispatcher.swift */ = {isa = PBXFileReference; lastKnownFileType = sourcecode.swift; path = Dispatcher.swift; sourceTree = "<group>"; };
/* End PBXFileReference section */

/* Begin PBXFrameworksBuildPhase section */
		B04E441720D0C93F00863ACB /* Frameworks */ = {
			isa = PBXFrameworksBuildPhase;
			buildActionMask = 2147483647;
			files = (
			);
			runOnlyForDeploymentPostprocessing = 0;
		};
		B04E442B20D0C94100863ACB /* Frameworks */ = {
			isa = PBXFrameworksBuildPhase;
			buildActionMask = 2147483647;
			files = (
			);
			runOnlyForDeploymentPostprocessing = 0;
		};
/* End PBXFrameworksBuildPhase section */

/* Begin PBXGroup section */
		B04E441120D0C93F00863ACB = {
			isa = PBXGroup;
			children = (
				B04E441C20D0C93F00863ACB /* FlickrApp */,
				B04E443120D0C94100863ACB /* FlickrAppTests */,
				B04E441B20D0C93F00863ACB /* Products */,
			);
			sourceTree = "<group>";
		};
		B04E441B20D0C93F00863ACB /* Products */ = {
			isa = PBXGroup;
			children = (
				B04E441A20D0C93F00863ACB /* FlickrApp.app */,
				B04E442E20D0C94100863ACB /* FlickrAppTests.xctest */,
			);
			name = Products;
			sourceTree = "<group>";
		};
		B04E441C20D0C93F00863ACB /* FlickrApp */ = {
			isa = PBXGroup;
			children = (
				B04E444C20D0DED000863ACB /* Helpers */,
				B04E444520D0D8D500863ACB /* FlickrApp.xcdatamodeld */,
				B04E444220D0D5A400863ACB /* Clients */,
				B04E444120D0D55500863ACB /* DataModel */,
				B04E444020D0D54E00863ACB /* Views */,
				B04E443F20D0D53A00863ACB /* Controller */,
				B04E441D20D0C93F00863ACB /* AppDelegate.swift */,
				B04E442120D0C93F00863ACB /* Main.storyboard */,
				B04E442420D0C94000863ACB /* Assets.xcassets */,
				B04E442620D0C94000863ACB /* LaunchScreen.storyboard */,
				B04E442920D0C94000863ACB /* Info.plist */,
			);
			path = FlickrApp;
			sourceTree = "<group>";
		};
		B04E443120D0C94100863ACB /* FlickrAppTests */ = {
			isa = PBXGroup;
			children = (
				B04E443220D0C94100863ACB /* FlickrAppTests.swift */,
				B04E443420D0C94100863ACB /* Info.plist */,
			);
			path = FlickrAppTests;
			sourceTree = "<group>";
		};
		B04E443F20D0D53A00863ACB /* Controller */ = {
			isa = PBXGroup;
			children = (
				B04E441F20D0C93F00863ACB /* SearchViewController.swift */,
				B04E443D20D0D3CA00863ACB /* SearchResultViewController.swift */,
				B04E444420D0D62000863ACB /* DataSource */,
			);
			path = Controller;
			sourceTree = "<group>";
		};
		B04E444020D0D54E00863ACB /* Views */ = {
			isa = PBXGroup;
			children = (
				B04E445520D0ECED00863ACB /* NoItemsView.swift */,
				B04E445720D0ED2500863ACB /* ImagesListCell.swift */,
			);
			path = Views;
			sourceTree = "<group>";
		};
		B04E444120D0D55500863ACB /* DataModel */ = {
			isa = PBXGroup;
			children = (
			);
			path = DataModel;
			sourceTree = "<group>";
		};
		B04E444220D0D5A400863ACB /* Clients */ = {
			isa = PBXGroup;
			children = (
				B04E444820D0DE4900863ACB /* DownloadManager.swift */,
				B04E444A20D0DE9700863ACB /* SearchClient.swift */,
			);
			path = Clients;
			sourceTree = "<group>";
		};
		B04E444420D0D62000863ACB /* DataSource */ = {
			isa = PBXGroup;
			children = (
				B04E445120D0E8C700863ACB /* ImageListsDataSourceProtocol.swift */,
				B04E445320D0E99D00863ACB /* ImagesListObjectContainer.swift */,
			);
			path = DataSource;
			sourceTree = "<group>";
		};
		B04E444C20D0DED000863ACB /* Helpers */ = {
			isa = PBXGroup;
			children = (
				B04E444D20D0DF0600863ACB /* TransientImageFile.swift */,
				B04E445920D0F83000863ACB /* Dispatcher.swift */,
			);
			path = Helpers;
			sourceTree = "<group>";
		};
/* End PBXGroup section */

/* Begin PBXNativeTarget section */
		B04E441920D0C93F00863ACB /* FlickrApp */ = {
			isa = PBXNativeTarget;
			buildConfigurationList = B04E443720D0C94100863ACB /* Build configuration list for PBXNativeTarget "FlickrApp" */;
			buildPhases = (
				B04E441620D0C93F00863ACB /* Sources */,
				B04E441720D0C93F00863ACB /* Frameworks */,
				B04E441820D0C93F00863ACB /* Resources */,
			);
			buildRules = (
			);
			dependencies = (
			);
			name = FlickrApp;
			productName = FlickrApp;
			productReference = B04E441A20D0C93F00863ACB /* FlickrApp.app */;
			productType = "com.apple.product-type.application";
		};
		B04E442D20D0C94100863ACB /* FlickrAppTests */ = {
			isa = PBXNativeTarget;
			buildConfigurationList = B04E443A20D0C94100863ACB /* Build configuration list for PBXNativeTarget "FlickrAppTests" */;
			buildPhases = (
				B04E442A20D0C94100863ACB /* Sources */,
				B04E442B20D0C94100863ACB /* Frameworks */,
				B04E442C20D0C94100863ACB /* Resources */,
			);
			buildRules = (
			);
			dependencies = (
				B04E443020D0C94100863ACB /* PBXTargetDependency */,
			);
			name = FlickrAppTests;
			productName = FlickrAppTests;
			productReference = B04E442E20D0C94100863ACB /* FlickrAppTests.xctest */;
			productType = "com.apple.product-type.bundle.unit-test";
		};
/* End PBXNativeTarget section */

/* Begin PBXProject section */
		B04E441220D0C93F00863ACB /* Project object */ = {
			isa = PBXProject;
			attributes = {
				LastSwiftUpdateCheck = 0940;
				LastUpgradeCheck = 0940;
				ORGANIZATIONNAME = "Cisco Systems Inc.";
				TargetAttributes = {
					B04E441920D0C93F00863ACB = {
						CreatedOnToolsVersion = 9.4;
					};
					B04E442D20D0C94100863ACB = {
						CreatedOnToolsVersion = 9.4;
						TestTargetID = B04E441920D0C93F00863ACB;
					};
				};
			};
			buildConfigurationList = B04E441520D0C93F00863ACB /* Build configuration list for PBXProject "FlickrApp" */;
			compatibilityVersion = "Xcode 9.3";
			developmentRegion = en;
			hasScannedForEncodings = 0;
			knownRegions = (
				en,
				Base,
			);
			mainGroup = B04E441120D0C93F00863ACB;
			productRefGroup = B04E441B20D0C93F00863ACB /* Products */;
			projectDirPath = "";
			projectRoot = "";
			targets = (
				B04E441920D0C93F00863ACB /* FlickrApp */,
				B04E442D20D0C94100863ACB /* FlickrAppTests */,
			);
		};
/* End PBXProject section */

/* Begin PBXResourcesBuildPhase section */
		B04E441820D0C93F00863ACB /* Resources */ = {
			isa = PBXResourcesBuildPhase;
			buildActionMask = 2147483647;
			files = (
				B04E442820D0C94000863ACB /* LaunchScreen.storyboard in Resources */,
				B04E442520D0C94000863ACB /* Assets.xcassets in Resources */,
				B04E442320D0C93F00863ACB /* Main.storyboard in Resources */,
			);
			runOnlyForDeploymentPostprocessing = 0;
		};
		B04E442C20D0C94100863ACB /* Resources */ = {
			isa = PBXResourcesBuildPhase;
			buildActionMask = 2147483647;
			files = (
			);
			runOnlyForDeploymentPostprocessing = 0;
		};
/* End PBXResourcesBuildPhase section */

/* Begin PBXSourcesBuildPhase section */
		B04E441620D0C93F00863ACB /* Sources */ = {
			isa = PBXSourcesBuildPhase;
			buildActionMask = 2147483647;
			files = (
				B04E445A20D0F83000863ACB /* Dispatcher.swift in Sources */,
				B04E442020D0C93F00863ACB /* SearchViewController.swift in Sources */,
				B04E444920D0DE4900863ACB /* DownloadManager.swift in Sources */,
				B04E445220D0E8C700863ACB /* ImageListsDataSourceProtocol.swift in Sources */,
				B04E444B20D0DE9700863ACB /* SearchClient.swift in Sources */,
				B04E445620D0ECED00863ACB /* NoItemsView.swift in Sources */,
				B04E443E20D0D3CA00863ACB /* SearchResultViewController.swift in Sources */,
				B04E445420D0E99D00863ACB /* ImagesListObjectContainer.swift in Sources */,
				B04E444720D0D8D500863ACB /* FlickrApp.xcdatamodeld in Sources */,
				B04E445820D0ED2500863ACB /* ImagesListCell.swift in Sources */,
				B04E444E20D0DF0600863ACB /* TransientImageFile.swift in Sources */,
				B04E441E20D0C93F00863ACB /* AppDelegate.swift in Sources */,
			);
			runOnlyForDeploymentPostprocessing = 0;
		};
		B04E442A20D0C94100863ACB /* Sources */ = {
			isa = PBXSourcesBuildPhase;
			buildActionMask = 2147483647;
			files = (
				B04E443320D0C94100863ACB /* FlickrAppTests.swift in Sources */,
			);
			runOnlyForDeploymentPostprocessing = 0;
		};
/* End PBXSourcesBuildPhase section */

/* Begin PBXTargetDependency section */
		B04E443020D0C94100863ACB /* PBXTargetDependency */ = {
			isa = PBXTargetDependency;
			target = B04E441920D0C93F00863ACB /* FlickrApp */;
			targetProxy = B04E442F20D0C94100863ACB /* PBXContainerItemProxy */;
		};
/* End PBXTargetDependency section */

/* Begin PBXVariantGroup section */
		B04E442120D0C93F00863ACB /* Main.storyboard */ = {
			isa = PBXVariantGroup;
			children = (
				B04E442220D0C93F00863ACB /* Base */,
			);
			name = Main.storyboard;
			sourceTree = "<group>";
		};
		B04E442620D0C94000863ACB /* LaunchScreen.storyboard */ = {
			isa = PBXVariantGroup;
			children = (
				B04E442720D0C94000863ACB /* Base */,
			);
			name = LaunchScreen.storyboard;
			sourceTree = "<group>";
		};
/* End PBXVariantGroup section */

/* Begin XCBuildConfiguration section */
		B04E443520D0C94100863ACB /* Debug */ = {
			isa = XCBuildConfiguration;
			buildSettings = {
				ALWAYS_SEARCH_USER_PATHS = NO;
				CLANG_ANALYZER_NONNULL = YES;
				CLANG_ANALYZER_NUMBER_OBJECT_CONVERSION = YES_AGGRESSIVE;
				CLANG_CXX_LANGUAGE_STANDARD = "gnu++14";
				CLANG_CXX_LIBRARY = "libc++";
				CLANG_ENABLE_MODULES = YES;
				CLANG_ENABLE_OBJC_ARC = YES;
				CLANG_ENABLE_OBJC_WEAK = YES;
				CLANG_WARN_BLOCK_CAPTURE_AUTORELEASING = YES;
				CLANG_WARN_BOOL_CONVERSION = YES;
				CLANG_WARN_COMMA = YES;
				CLANG_WARN_CONSTANT_CONVERSION = YES;
				CLANG_WARN_DEPRECATED_OBJC_IMPLEMENTATIONS = YES;
				CLANG_WARN_DIRECT_OBJC_ISA_USAGE = YES_ERROR;
				CLANG_WARN_DOCUMENTATION_COMMENTS = YES;
				CLANG_WARN_EMPTY_BODY = YES;
				CLANG_WARN_ENUM_CONVERSION = YES;
				CLANG_WARN_INFINITE_RECURSION = YES;
				CLANG_WARN_INT_CONVERSION = YES;
				CLANG_WARN_NON_LITERAL_NULL_CONVERSION = YES;
				CLANG_WARN_OBJC_IMPLICIT_RETAIN_SELF = YES;
				CLANG_WARN_OBJC_LITERAL_CONVERSION = YES;
				CLANG_WARN_OBJC_ROOT_CLASS = YES_ERROR;
				CLANG_WARN_RANGE_LOOP_ANALYSIS = YES;
				CLANG_WARN_STRICT_PROTOTYPES = YES;
				CLANG_WARN_SUSPICIOUS_MOVE = YES;
				CLANG_WARN_UNGUARDED_AVAILABILITY = YES_AGGRESSIVE;
				CLANG_WARN_UNREACHABLE_CODE = YES;
				CLANG_WARN__DUPLICATE_METHOD_MATCH = YES;
				CODE_SIGN_IDENTITY = "iPhone Developer";
				COPY_PHASE_STRIP = NO;
				DEBUG_INFORMATION_FORMAT = dwarf;
				ENABLE_STRICT_OBJC_MSGSEND = YES;
				ENABLE_TESTABILITY = YES;
				GCC_C_LANGUAGE_STANDARD = gnu11;
				GCC_DYNAMIC_NO_PIC = NO;
				GCC_NO_COMMON_BLOCKS = YES;
				GCC_OPTIMIZATION_LEVEL = 0;
				GCC_PREPROCESSOR_DEFINITIONS = (
					"DEBUG=1",
					"$(inherited)",
				);
				GCC_WARN_64_TO_32_BIT_CONVERSION = YES;
				GCC_WARN_ABOUT_RETURN_TYPE = YES_ERROR;
				GCC_WARN_UNDECLARED_SELECTOR = YES;
				GCC_WARN_UNINITIALIZED_AUTOS = YES_AGGRESSIVE;
				GCC_WARN_UNUSED_FUNCTION = YES;
				GCC_WARN_UNUSED_VARIABLE = YES;
				IPHONEOS_DEPLOYMENT_TARGET = 11.4;
				MTL_ENABLE_DEBUG_INFO = YES;
				ONLY_ACTIVE_ARCH = YES;
				SDKROOT = iphoneos;
				SWIFT_ACTIVE_COMPILATION_CONDITIONS = DEBUG;
				SWIFT_OPTIMIZATION_LEVEL = "-Onone";
			};
			name = Debug;
		};
		B04E443620D0C94100863ACB /* Release */ = {
			isa = XCBuildConfiguration;
			buildSettings = {
				ALWAYS_SEARCH_USER_PATHS = NO;
				CLANG_ANALYZER_NONNULL = YES;
				CLANG_ANALYZER_NUMBER_OBJECT_CONVERSION = YES_AGGRESSIVE;
				CLANG_CXX_LANGUAGE_STANDARD = "gnu++14";
				CLANG_CXX_LIBRARY = "libc++";
				CLANG_ENABLE_MODULES = YES;
				CLANG_ENABLE_OBJC_ARC = YES;
				CLANG_ENABLE_OBJC_WEAK = YES;
				CLANG_WARN_BLOCK_CAPTURE_AUTORELEASING = YES;
				CLANG_WARN_BOOL_CONVERSION = YES;
				CLANG_WARN_COMMA = YES;
				CLANG_WARN_CONSTANT_CONVERSION = YES;
				CLANG_WARN_DEPRECATED_OBJC_IMPLEMENTATIONS = YES;
				CLANG_WARN_DIRECT_OBJC_ISA_USAGE = YES_ERROR;
				CLANG_WARN_DOCUMENTATION_COMMENTS = YES;
				CLANG_WARN_EMPTY_BODY = YES;
				CLANG_WARN_ENUM_CONVERSION = YES;
				CLANG_WARN_INFINITE_RECURSION = YES;
				CLANG_WARN_INT_CONVERSION = YES;
				CLANG_WARN_NON_LITERAL_NULL_CONVERSION = YES;
				CLANG_WARN_OBJC_IMPLICIT_RETAIN_SELF = YES;
				CLANG_WARN_OBJC_LITERAL_CONVERSION = YES;
				CLANG_WARN_OBJC_ROOT_CLASS = YES_ERROR;
				CLANG_WARN_RANGE_LOOP_ANALYSIS = YES;
				CLANG_WARN_STRICT_PROTOTYPES = YES;
				CLANG_WARN_SUSPICIOUS_MOVE = YES;
				CLANG_WARN_UNGUARDED_AVAILABILITY = YES_AGGRESSIVE;
				CLANG_WARN_UNREACHABLE_CODE = YES;
				CLANG_WARN__DUPLICATE_METHOD_MATCH = YES;
				CODE_SIGN_IDENTITY = "iPhone Developer";
				COPY_PHASE_STRIP = NO;
				DEBUG_INFORMATION_FORMAT = "dwarf-with-dsym";
				ENABLE_NS_ASSERTIONS = NO;
				ENABLE_STRICT_OBJC_MSGSEND = YES;
				GCC_C_LANGUAGE_STANDARD = gnu11;
				GCC_NO_COMMON_BLOCKS = YES;
				GCC_WARN_64_TO_32_BIT_CONVERSION = YES;
				GCC_WARN_ABOUT_RETURN_TYPE = YES_ERROR;
				GCC_WARN_UNDECLARED_SELECTOR = YES;
				GCC_WARN_UNINITIALIZED_AUTOS = YES_AGGRESSIVE;
				GCC_WARN_UNUSED_FUNCTION = YES;
				GCC_WARN_UNUSED_VARIABLE = YES;
				IPHONEOS_DEPLOYMENT_TARGET = 11.4;
				MTL_ENABLE_DEBUG_INFO = NO;
				SDKROOT = iphoneos;
				SWIFT_COMPILATION_MODE = wholemodule;
				SWIFT_OPTIMIZATION_LEVEL = "-O";
				VALIDATE_PRODUCT = YES;
			};
			name = Release;
		};
		B04E443820D0C94100863ACB /* Debug */ = {
			isa = XCBuildConfiguration;
			buildSettings = {
				ASSETCATALOG_COMPILER_APPICON_NAME = AppIcon;
				CODE_SIGN_STYLE = Automatic;
				DEVELOPMENT_TEAM = 8TRJ4T8KMX;
				INFOPLIST_FILE = FlickrApp/Info.plist;
				LD_RUNPATH_SEARCH_PATHS = (
					"$(inherited)",
					"@executable_path/Frameworks",
				);
				PRODUCT_BUNDLE_IDENTIFIER = com.webex.meeting.FlickrApp;
				PRODUCT_NAME = "$(TARGET_NAME)";
				SWIFT_VERSION = 4.0;
				TARGETED_DEVICE_FAMILY = "1,2";
			};
			name = Debug;
		};
		B04E443920D0C94100863ACB /* Release */ = {
			isa = XCBuildConfiguration;
			buildSettings = {
				ASSETCATALOG_COMPILER_APPICON_NAME = AppIcon;
				CODE_SIGN_STYLE = Automatic;
				DEVELOPMENT_TEAM = 8TRJ4T8KMX;
				INFOPLIST_FILE = FlickrApp/Info.plist;
				LD_RUNPATH_SEARCH_PATHS = (
					"$(inherited)",
					"@executable_path/Frameworks",
				);
				PRODUCT_BUNDLE_IDENTIFIER = com.webex.meeting.FlickrApp;
				PRODUCT_NAME = "$(TARGET_NAME)";
				SWIFT_VERSION = 4.0;
				TARGETED_DEVICE_FAMILY = "1,2";
			};
			name = Release;
		};
		B04E443B20D0C94100863ACB /* Debug */ = {
			isa = XCBuildConfiguration;
			buildSettings = {
				ALWAYS_EMBED_SWIFT_STANDARD_LIBRARIES = YES;
				BUNDLE_LOADER = "$(TEST_HOST)";
				CODE_SIGN_STYLE = Automatic;
				DEVELOPMENT_TEAM = 8TRJ4T8KMX;
				INFOPLIST_FILE = FlickrAppTests/Info.plist;
				LD_RUNPATH_SEARCH_PATHS = (
					"$(inherited)",
					"@executable_path/Frameworks",
					"@loader_path/Frameworks",
				);
				PRODUCT_BUNDLE_IDENTIFIER = com.webex.meeting.FlickrAppTests;
				PRODUCT_NAME = "$(TARGET_NAME)";
				SWIFT_VERSION = 4.0;
				TARGETED_DEVICE_FAMILY = "1,2";
				TEST_HOST = "$(BUILT_PRODUCTS_DIR)/FlickrApp.app/FlickrApp";
			};
			name = Debug;
		};
		B04E443C20D0C94100863ACB /* Release */ = {
			isa = XCBuildConfiguration;
			buildSettings = {
				ALWAYS_EMBED_SWIFT_STANDARD_LIBRARIES = YES;
				BUNDLE_LOADER = "$(TEST_HOST)";
				CODE_SIGN_STYLE = Automatic;
				DEVELOPMENT_TEAM = 8TRJ4T8KMX;
				INFOPLIST_FILE = FlickrAppTests/Info.plist;
				LD_RUNPATH_SEARCH_PATHS = (
					"$(inherited)",
					"@executable_path/Frameworks",
					"@loader_path/Frameworks",
				);
				PRODUCT_BUNDLE_IDENTIFIER = com.webex.meeting.FlickrAppTests;
				PRODUCT_NAME = "$(TARGET_NAME)";
				SWIFT_VERSION = 4.0;
				TARGETED_DEVICE_FAMILY = "1,2";
				TEST_HOST = "$(BUILT_PRODUCTS_DIR)/FlickrApp.app/FlickrApp";
			};
			name = Release;
		};
/* End XCBuildConfiguration section */

/* Begin XCConfigurationList section */
		B04E441520D0C93F00863ACB /* Build configuration list for PBXProject "FlickrApp" */ = {
			isa = XCConfigurationList;
			buildConfigurations = (
				B04E443520D0C94100863ACB /* Debug */,
				B04E443620D0C94100863ACB /* Release */,
			);
			defaultConfigurationIsVisible = 0;
			defaultConfigurationName = Release;
		};
		B04E443720D0C94100863ACB /* Build configuration list for PBXNativeTarget "FlickrApp" */ = {
			isa = XCConfigurationList;
			buildConfigurations = (
				B04E443820D0C94100863ACB /* Debug */,
				B04E443920D0C94100863ACB /* Release */,
			);
			defaultConfigurationIsVisible = 0;
			defaultConfigurationName = Release;
		};
		B04E443A20D0C94100863ACB /* Build configuration list for PBXNativeTarget "FlickrAppTests" */ = {
			isa = XCConfigurationList;
			buildConfigurations = (
				B04E443B20D0C94100863ACB /* Debug */,
				B04E443C20D0C94100863ACB /* Release */,
			);
			defaultConfigurationIsVisible = 0;
			defaultConfigurationName = Release;
		};
/* End XCConfigurationList section */

/* Begin XCVersionGroup section */
		B04E444520D0D8D500863ACB /* FlickrApp.xcdatamodeld */ = {
			isa = XCVersionGroup;
			children = (
				B04E444620D0D8D500863ACB /* FlickrApp.xcdatamodel */,
			);
			currentVersion = B04E444620D0D8D500863ACB /* FlickrApp.xcdatamodel */;
			path = FlickrApp.xcdatamodeld;
			sourceTree = "<group>";
			versionGroupType = wrapper.xcdatamodel;
		};
/* End XCVersionGroup section */
	};
	rootObject = B04E441220D0C93F00863ACB /* Project object */;
}
